
Microsoft Visual Studio Solution File, Format Version 12.00
# Visual Studio Version 16
VisualStudioVersion = 16.0.29709.97
MinimumVisualStudioVersion = 10.0.40219.1
Project("{FAE04EC0-301F-11D3-BF4B-00C04F79EFBC}") = "TShop", "TShop\TShop.csproj", "{993AFD8A-6FFE-4CF3-BF81-FA35C8621070}"
EndProject
Global
	GlobalSection(SolutionConfigurationPlatforms) = preSolution
		Debug|Any CPU = Debug|Any CPU
		Release|Any CPU = Release|Any CPU
	EndGlobalSection
	GlobalSection(ProjectConfigurationPlatforms) = postSolution
		{993AFD8A-6FFE-4CF3-BF81-FA35C8621070}.Debug|Any CPU.ActiveCfg = Debug|Any CPU
		{993AFD8A-6FFE-4CF3-BF81-FA35C8621070}.Debug|Any CPU.Build.0 = Debug|Any CPU
		{993AFD8A-6FFE-4CF3-BF81-FA35C8621070}.Release|Any CPU.ActiveCfg = Release|Any CPU
		{993AFD8A-6FFE-4CF3-BF81-FA35C8621070}.Release|Any CPU.Build.0 = Release|Any CPU
	EndGlobalSection
	GlobalSection(SolutionProperties) = preSolution
		HideSolutionNode = FALSE
	EndGlobalSection
	GlobalSection(ExtensibilityGlobals) = postSolution
		SolutionGuid = {1E91E85B-2915-40A0-849A-986B3A986C08}
	EndGlobalSection
EndGlobal
